
Microsoft Visual Studio Solution File, Format Version 12.00
# Visual Studio 15
VisualStudioVersion = 15.0.27428.2037
MinimumVisualStudioVersion = 10.0.40219.1
Project("{FAE04EC0-301F-11D3-BF4B-00C04F79EFBC}") = "Rhinoceros", "App\Rhinoceros.csproj", "{F328A041-8C35-40A3-98BF-D9F7E023E725}"
EndProject
Global
	GlobalSection(SolutionConfigurationPlatforms) = preSolution
		Debug|x64 = Debug|x64
		Release|x64 = Release|x64
	EndGlobalSection
	GlobalSection(ProjectConfigurationPlatforms) = postSolution
		{F328A041-8C35-40A3-98BF-D9F7E023E725}.Debug|x64.ActiveCfg = Debug|x64
		{F328A041-8C35-40A3-98BF-D9F7E023E725}.Debug|x64.Build.0 = Debug|x64
		{F328A041-8C35-40A3-98BF-D9F7E023E725}.Release|x64.ActiveCfg = Debug|x64
		{F328A041-8C35-40A3-98BF-D9F7E023E725}.Release|x64.Build.0 = Debug|x64
	EndGlobalSection
	GlobalSection(SolutionProperties) = preSolution
		HideSolutionNode = FALSE
	EndGlobalSection
	GlobalSection(ExtensibilityGlobals) = postSolution
		SolutionGuid = {A8533296-C577-44BD-B998-3877A98429B4}
	EndGlobalSection
EndGlobal
