
Microsoft Visual Studio Solution File, Format Version 12.00
# Visual Studio 15
VisualStudioVersion = 15.0.27428.2037
MinimumVisualStudioVersion = 10.0.40219.1
Project("{FAE04EC0-301F-11D3-BF4B-00C04F79EFBC}") = "Rhinoceros", "App\Rhinoceros.csproj", "{637C5F68-6DC1-4264-AA1F-89309480F58F}"
EndProject
Project("{2150E333-8FDC-42A3-9474-1A3956D46DE8}") = "Solution Items", "Solution Items", "{7AFB0AF7-EAF7-4F56-B640-FF8388C54A3D}"
	ProjectSection(SolutionItems) = preProject
		README.md = README.md
	EndProjectSection
EndProject
Global
	GlobalSection(SolutionConfigurationPlatforms) = preSolution
		Debug|x64 = Debug|x64
		Release|x64 = Release|x64
	EndGlobalSection
	GlobalSection(ProjectConfigurationPlatforms) = postSolution
		{637C5F68-6DC1-4264-AA1F-89309480F58F}.Debug|x64.ActiveCfg = Debug|x64
		{637C5F68-6DC1-4264-AA1F-89309480F58F}.Debug|x64.Build.0 = Debug|x64
		{637C5F68-6DC1-4264-AA1F-89309480F58F}.Release|x64.ActiveCfg = Debug|x64
		{637C5F68-6DC1-4264-AA1F-89309480F58F}.Release|x64.Build.0 = Debug|x64
	EndGlobalSection
	GlobalSection(SolutionProperties) = preSolution
		HideSolutionNode = FALSE
	EndGlobalSection
	GlobalSection(ExtensibilityGlobals) = postSolution
		SolutionGuid = {7C56F6A1-9C56-4AB8-BD96-660F2437ABCE}
	EndGlobalSection
EndGlobal
